// !$*UTF8*$!
{
	archiveVersion = 1;
	classes = {
	};
	objectVersion = 56;
	objects = {

/* Begin PBXBuildFile section */
		FE0EA0022DC86F0500186CC1 /* RunSessionCard.swift in Sources */ = {isa = PBXBuildFile; fileRef = FE0EA0012DC86F0500186CC1 /* RunSessionCard.swift */; };
		FE0EA0042DC8750700186CC1 /* SaveRunSessionsView.swift in Sources */ = {isa = PBXBuildFile; fileRef = FE0EA0032DC8750700186CC1 /* SaveRunSessionsView.swift */; };
		FE0EA0062DC8753400186CC1 /* RunStore.swift in Sources */ = {isa = PBXBuildFile; fileRef = FE0EA0052DC8753400186CC1 /* RunStore.swift */; };
		FE0EA0082DC87F5800186CC1 /* RunSessionDetailView.swift in Sources */ = {isa = PBXBuildFile; fileRef = FE0EA0072DC87F5800186CC1 /* RunSessionDetailView.swift */; };
		FE379F782DBFC88E00550E87 /* RunClubApp.swift in Sources */ = {isa = PBXBuildFile; fileRef = FE379F772DBFC88E00550E87 /* RunClubApp.swift */; };
		FE379F7A2DBFC88E00550E87 /* ContentView.swift in Sources */ = {isa = PBXBuildFile; fileRef = FE379F792DBFC88E00550E87 /* ContentView.swift */; };
		FE379F7C2DBFC88F00550E87 /* Assets.xcassets in Resources */ = {isa = PBXBuildFile; fileRef = FE379F7B2DBFC88F00550E87 /* Assets.xcassets */; };
		FE379F7F2DBFC88F00550E87 /* Preview Assets.xcassets in Resources */ = {isa = PBXBuildFile; fileRef = FE379F7E2DBFC88F00550E87 /* Preview Assets.xcassets */; };
		FE379F872DBFC8DE00550E87 /* HomeView.swift in Sources */ = {isa = PBXBuildFile; fileRef = FE379F862DBFC8DE00550E87 /* HomeView.swift */; };
		FE379F8B2DBFCBC300550E87 /* LocationManager.swift in Sources */ = {isa = PBXBuildFile; fileRef = FE379F8A2DBFCBC300550E87 /* LocationManager.swift */; };
		FE379F8D2DBFCD7400550E87 /* MapView.swift in Sources */ = {isa = PBXBuildFile; fileRef = FE379F8C2DBFCD7400550E87 /* MapView.swift */; };
		FEA4EE222DC09FF2005FCCEA /* StatsView.swift in Sources */ = {isa = PBXBuildFile; fileRef = FEA4EE212DC09FF2005FCCEA /* StatsView.swift */; };
		FEA4EE242DC0A521005FCCEA /* RunSessionModel.swift in Sources */ = {isa = PBXBuildFile; fileRef = FEA4EE232DC0A521005FCCEA /* RunSessionModel.swift */; };
		FEA4EE262DC0F76F005FCCEA /* RunningView.swift in Sources */ = {isa = PBXBuildFile; fileRef = FEA4EE252DC0F76F005FCCEA /* RunningView.swift */; };
/* End PBXBuildFile section */

/* Begin PBXFileReference section */
		FE0EA0012DC86F0500186CC1 /* RunSessionCard.swift */ = {isa = PBXFileReference; lastKnownFileType = sourcecode.swift; path = RunSessionCard.swift; sourceTree = "<group>"; };
		FE0EA0032DC8750700186CC1 /* SaveRunSessionsView.swift */ = {isa = PBXFileReference; lastKnownFileType = sourcecode.swift; path = SaveRunSessionsView.swift; sourceTree = "<group>"; };
		FE0EA0052DC8753400186CC1 /* RunStore.swift */ = {isa = PBXFileReference; lastKnownFileType = sourcecode.swift; path = RunStore.swift; sourceTree = "<group>"; };
		FE0EA0072DC87F5800186CC1 /* RunSessionDetailView.swift */ = {isa = PBXFileReference; lastKnownFileType = sourcecode.swift; path = RunSessionDetailView.swift; sourceTree = "<group>"; };
		FE379F742DBFC88E00550E87 /* RunClub.app */ = {isa = PBXFileReference; explicitFileType = wrapper.application; includeInIndex = 0; path = RunClub.app; sourceTree = BUILT_PRODUCTS_DIR; };
		FE379F772DBFC88E00550E87 /* RunClubApp.swift */ = {isa = PBXFileReference; lastKnownFileType = sourcecode.swift; path = RunClubApp.swift; sourceTree = "<group>"; };
		FE379F792DBFC88E00550E87 /* ContentView.swift */ = {isa = PBXFileReference; lastKnownFileType = sourcecode.swift; path = ContentView.swift; sourceTree = "<group>"; };
		FE379F7B2DBFC88F00550E87 /* Assets.xcassets */ = {isa = PBXFileReference; lastKnownFileType = folder.assetcatalog; path = Assets.xcassets; sourceTree = "<group>"; };
		FE379F7E2DBFC88F00550E87 /* Preview Assets.xcassets */ = {isa = PBXFileReference; lastKnownFileType = folder.assetcatalog; path = "Preview Assets.xcassets"; sourceTree = "<group>"; };
		FE379F862DBFC8DE00550E87 /* HomeView.swift */ = {isa = PBXFileReference; lastKnownFileType = sourcecode.swift; path = HomeView.swift; sourceTree = "<group>"; };
		FE379F8A2DBFCBC300550E87 /* LocationManager.swift */ = {isa = PBXFileReference; lastKnownFileType = sourcecode.swift; path = LocationManager.swift; sourceTree = "<group>"; };
		FE379F8C2DBFCD7400550E87 /* MapView.swift */ = {isa = PBXFileReference; lastKnownFileType = sourcecode.swift; path = MapView.swift; sourceTree = "<group>"; };
		FEA4EE212DC09FF2005FCCEA /* StatsView.swift */ = {isa = PBXFileReference; lastKnownFileType = sourcecode.swift; path = StatsView.swift; sourceTree = "<group>"; };
		FEA4EE232DC0A521005FCCEA /* RunSessionModel.swift */ = {isa = PBXFileReference; lastKnownFileType = sourcecode.swift; path = RunSessionModel.swift; sourceTree = "<group>"; };
		FEA4EE252DC0F76F005FCCEA /* RunningView.swift */ = {isa = PBXFileReference; lastKnownFileType = sourcecode.swift; path = RunningView.swift; sourceTree = "<group>"; };
/* End PBXFileReference section */

/* Begin PBXFrameworksBuildPhase section */
		FE379F712DBFC88E00550E87 /* Frameworks */ = {
			isa = PBXFrameworksBuildPhase;
			buildActionMask = 2147483647;
			files = (
			);
			runOnlyForDeploymentPostprocessing = 0;
		};
/* End PBXFrameworksBuildPhase section */

/* Begin PBXGroup section */
		FE0EA0002DC86EF300186CC1 /* Components */ = {
			isa = PBXGroup;
			children = (
				FE0EA0012DC86F0500186CC1 /* RunSessionCard.swift */,
			);
			path = Components;
			sourceTree = "<group>";
		};
		FE379F6B2DBFC88E00550E87 = {
			isa = PBXGroup;
			children = (
				FE379F762DBFC88E00550E87 /* RunClub */,
				FE379F752DBFC88E00550E87 /* Products */,
			);
			sourceTree = "<group>";
		};
		FE379F752DBFC88E00550E87 /* Products */ = {
			isa = PBXGroup;
			children = (
				FE379F742DBFC88E00550E87 /* RunClub.app */,
			);
			name = Products;
			sourceTree = "<group>";
		};
		FE379F762DBFC88E00550E87 /* RunClub */ = {
			isa = PBXGroup;
			children = (
				FE379F892DBFC91500550E87 /* Model */,
				FE379F882DBFC90F00550E87 /* ViewModel */,
				FE379F852DBFC8D200550E87 /* Views */,
				FE379F772DBFC88E00550E87 /* RunClubApp.swift */,
				FE379F792DBFC88E00550E87 /* ContentView.swift */,
				FE379F7B2DBFC88F00550E87 /* Assets.xcassets */,
				FE379F7D2DBFC88F00550E87 /* Preview Content */,
			);
			path = RunClub;
			sourceTree = "<group>";
		};
		FE379F7D2DBFC88F00550E87 /* Preview Content */ = {
			isa = PBXGroup;
			children = (
				FE379F7E2DBFC88F00550E87 /* Preview Assets.xcassets */,
			);
			path = "Preview Content";
			sourceTree = "<group>";
		};
		FE379F852DBFC8D200550E87 /* Views */ = {
			isa = PBXGroup;
			children = (
				FE0EA0002DC86EF300186CC1 /* Components */,
				FE379F862DBFC8DE00550E87 /* HomeView.swift */,
				FE379F8C2DBFCD7400550E87 /* MapView.swift */,
				FEA4EE212DC09FF2005FCCEA /* StatsView.swift */,
				FEA4EE252DC0F76F005FCCEA /* RunningView.swift */,
				FE0EA0032DC8750700186CC1 /* SaveRunSessionsView.swift */,
				FE0EA0072DC87F5800186CC1 /* RunSessionDetailView.swift */,
			);
			path = Views;
			sourceTree = "<group>";
		};
		FE379F882DBFC90F00550E87 /* ViewModel */ = {
			isa = PBXGroup;
			children = (
				FE379F8A2DBFCBC300550E87 /* LocationManager.swift */,
				FE0EA0052DC8753400186CC1 /* RunStore.swift */,
			);
			path = ViewModel;
			sourceTree = "<group>";
		};
		FE379F892DBFC91500550E87 /* Model */ = {
			isa = PBXGroup;
			children = (
				FEA4EE232DC0A521005FCCEA /* RunSessionModel.swift */,
			);
			path = Model;
			sourceTree = "<group>";
		};
/* End PBXGroup section */

/* Begin PBXNativeTarget section */
		FE379F732DBFC88E00550E87 /* RunClub */ = {
			isa = PBXNativeTarget;
			buildConfigurationList = FE379F822DBFC88F00550E87 /* Build configuration list for PBXNativeTarget "RunClub" */;
			buildPhases = (
				FE379F702DBFC88E00550E87 /* Sources */,
				FE379F712DBFC88E00550E87 /* Frameworks */,
				FE379F722DBFC88E00550E87 /* Resources */,
			);
			buildRules = (
			);
			dependencies = (
			);
			name = RunClub;
			productName = RunClub;
			productReference = FE379F742DBFC88E00550E87 /* RunClub.app */;
			productType = "com.apple.product-type.application";
		};
/* End PBXNativeTarget section */

/* Begin PBXProject section */
		FE379F6C2DBFC88E00550E87 /* Project object */ = {
			isa = PBXProject;
			attributes = {
				BuildIndependentTargetsInParallel = 1;
				LastSwiftUpdateCheck = 1430;
				LastUpgradeCheck = 1430;
				TargetAttributes = {
					FE379F732DBFC88E00550E87 = {
						CreatedOnToolsVersion = 14.3;
					};
				};
			};
			buildConfigurationList = FE379F6F2DBFC88E00550E87 /* Build configuration list for PBXProject "RunClub" */;
			compatibilityVersion = "Xcode 14.0";
			developmentRegion = en;
			hasScannedForEncodings = 0;
			knownRegions = (
				en,
				Base,
			);
			mainGroup = FE379F6B2DBFC88E00550E87;
			productRefGroup = FE379F752DBFC88E00550E87 /* Products */;
			projectDirPath = "";
			projectRoot = "";
			targets = (
				FE379F732DBFC88E00550E87 /* RunClub */,
			);
		};
/* End PBXProject section */

/* Begin PBXResourcesBuildPhase section */
		FE379F722DBFC88E00550E87 /* Resources */ = {
			isa = PBXResourcesBuildPhase;
			buildActionMask = 2147483647;
			files = (
				FE379F7F2DBFC88F00550E87 /* Preview Assets.xcassets in Resources */,
				FE379F7C2DBFC88F00550E87 /* Assets.xcassets in Resources */,
			);
			runOnlyForDeploymentPostprocessing = 0;
		};
/* End PBXResourcesBuildPhase section */

/* Begin PBXSourcesBuildPhase section */
		FE379F702DBFC88E00550E87 /* Sources */ = {
			isa = PBXSourcesBuildPhase;
			buildActionMask = 2147483647;
			files = (
				FE0EA0042DC8750700186CC1 /* SaveRunSessionsView.swift in Sources */,
				FEA4EE262DC0F76F005FCCEA /* RunningView.swift in Sources */,
				FEA4EE242DC0A521005FCCEA /* RunSessionModel.swift in Sources */,
				FE379F8B2DBFCBC300550E87 /* LocationManager.swift in Sources */,
				FE0EA0082DC87F5800186CC1 /* RunSessionDetailView.swift in Sources */,
				FE379F872DBFC8DE00550E87 /* HomeView.swift in Sources */,
				FE0EA0022DC86F0500186CC1 /* RunSessionCard.swift in Sources */,
				FEA4EE222DC09FF2005FCCEA /* StatsView.swift in Sources */,
				FE0EA0062DC8753400186CC1 /* RunStore.swift in Sources */,
				FE379F8D2DBFCD7400550E87 /* MapView.swift in Sources */,
				FE379F7A2DBFC88E00550E87 /* ContentView.swift in Sources */,
				FE379F782DBFC88E00550E87 /* RunClubApp.swift in Sources */,
			);
			runOnlyForDeploymentPostprocessing = 0;
		};
/* End PBXSourcesBuildPhase section */

/* Begin XCBuildConfiguration section */
		FE379F802DBFC88F00550E87 /* Debug */ = {
			isa = XCBuildConfiguration;
			buildSettings = {
				ALWAYS_SEARCH_USER_PATHS = NO;
				CLANG_ANALYZER_NONNULL = YES;
				CLANG_ANALYZER_NUMBER_OBJECT_CONVERSION = YES_AGGRESSIVE;
				CLANG_CXX_LANGUAGE_STANDARD = "gnu++20";
				CLANG_ENABLE_MODULES = YES;
				CLANG_ENABLE_OBJC_ARC = YES;
				CLANG_ENABLE_OBJC_WEAK = YES;
				CLANG_WARN_BLOCK_CAPTURE_AUTORELEASING = YES;
				CLANG_WARN_BOOL_CONVERSION = YES;
				CLANG_WARN_COMMA = YES;
				CLANG_WARN_CONSTANT_CONVERSION = YES;
				CLANG_WARN_DEPRECATED_OBJC_IMPLEMENTATIONS = YES;
				CLANG_WARN_DIRECT_OBJC_ISA_USAGE = YES_ERROR;
				CLANG_WARN_DOCUMENTATION_COMMENTS = YES;
				CLANG_WARN_EMPTY_BODY = YES;
				CLANG_WARN_ENUM_CONVERSION = YES;
				CLANG_WARN_INFINITE_RECURSION = YES;
				CLANG_WARN_INT_CONVERSION = YES;
				CLANG_WARN_NON_LITERAL_NULL_CONVERSION = YES;
				CLANG_WARN_OBJC_IMPLICIT_RETAIN_SELF = YES;
				CLANG_WARN_OBJC_LITERAL_CONVERSION = YES;
				CLANG_WARN_OBJC_ROOT_CLASS = YES_ERROR;
				CLANG_WARN_QUOTED_INCLUDE_IN_FRAMEWORK_HEADER = YES;
				CLANG_WARN_RANGE_LOOP_ANALYSIS = YES;
				CLANG_WARN_STRICT_PROTOTYPES = YES;
				CLANG_WARN_SUSPICIOUS_MOVE = YES;
				CLANG_WARN_UNGUARDED_AVAILABILITY = YES_AGGRESSIVE;
				CLANG_WARN_UNREACHABLE_CODE = YES;
				CLANG_WARN__DUPLICATE_METHOD_MATCH = YES;
				COPY_PHASE_STRIP = NO;
				DEBUG_INFORMATION_FORMAT = dwarf;
				ENABLE_STRICT_OBJC_MSGSEND = YES;
				ENABLE_TESTABILITY = YES;
				GCC_C_LANGUAGE_STANDARD = gnu11;
				GCC_DYNAMIC_NO_PIC = NO;
				GCC_NO_COMMON_BLOCKS = YES;
				GCC_OPTIMIZATION_LEVEL = 0;
				GCC_PREPROCESSOR_DEFINITIONS = (
					"DEBUG=1",
					"$(inherited)",
				);
				GCC_WARN_64_TO_32_BIT_CONVERSION = YES;
				GCC_WARN_ABOUT_RETURN_TYPE = YES_ERROR;
				GCC_WARN_UNDECLARED_SELECTOR = YES;
				GCC_WARN_UNINITIALIZED_AUTOS = YES_AGGRESSIVE;
				GCC_WARN_UNUSED_FUNCTION = YES;
				GCC_WARN_UNUSED_VARIABLE = YES;
				IPHONEOS_DEPLOYMENT_TARGET = 16.4;
				MTL_ENABLE_DEBUG_INFO = INCLUDE_SOURCE;
				MTL_FAST_MATH = YES;
				ONLY_ACTIVE_ARCH = YES;
				SDKROOT = iphoneos;
				SWIFT_ACTIVE_COMPILATION_CONDITIONS = DEBUG;
				SWIFT_OPTIMIZATION_LEVEL = "-Onone";
			};
			name = Debug;
		};
		FE379F812DBFC88F00550E87 /* Release */ = {
			isa = XCBuildConfiguration;
			buildSettings = {
				ALWAYS_SEARCH_USER_PATHS = NO;
				CLANG_ANALYZER_NONNULL = YES;
				CLANG_ANALYZER_NUMBER_OBJECT_CONVERSION = YES_AGGRESSIVE;
				CLANG_CXX_LANGUAGE_STANDARD = "gnu++20";
				CLANG_ENABLE_MODULES = YES;
				CLANG_ENABLE_OBJC_ARC = YES;
				CLANG_ENABLE_OBJC_WEAK = YES;
				CLANG_WARN_BLOCK_CAPTURE_AUTORELEASING = YES;
				CLANG_WARN_BOOL_CONVERSION = YES;
				CLANG_WARN_COMMA = YES;
				CLANG_WARN_CONSTANT_CONVERSION = YES;
				CLANG_WARN_DEPRECATED_OBJC_IMPLEMENTATIONS = YES;
				CLANG_WARN_DIRECT_OBJC_ISA_USAGE = YES_ERROR;
				CLANG_WARN_DOCUMENTATION_COMMENTS = YES;
				CLANG_WARN_EMPTY_BODY = YES;
				CLANG_WARN_ENUM_CONVERSION = YES;
				CLANG_WARN_INFINITE_RECURSION = YES;
				CLANG_WARN_INT_CONVERSION = YES;
				CLANG_WARN_NON_LITERAL_NULL_CONVERSION = YES;
				CLANG_WARN_OBJC_IMPLICIT_RETAIN_SELF = YES;
				CLANG_WARN_OBJC_LITERAL_CONVERSION = YES;
				CLANG_WARN_OBJC_ROOT_CLASS = YES_ERROR;
				CLANG_WARN_QUOTED_INCLUDE_IN_FRAMEWORK_HEADER = YES;
				CLANG_WARN_RANGE_LOOP_ANALYSIS = YES;
				CLANG_WARN_STRICT_PROTOTYPES = YES;
				CLANG_WARN_SUSPICIOUS_MOVE = YES;
				CLANG_WARN_UNGUARDED_AVAILABILITY = YES_AGGRESSIVE;
				CLANG_WARN_UNREACHABLE_CODE = YES;
				CLANG_WARN__DUPLICATE_METHOD_MATCH = YES;
				COPY_PHASE_STRIP = NO;
				DEBUG_INFORMATION_FORMAT = "dwarf-with-dsym";
				ENABLE_NS_ASSERTIONS = NO;
				ENABLE_STRICT_OBJC_MSGSEND = YES;
				GCC_C_LANGUAGE_STANDARD = gnu11;
				GCC_NO_COMMON_BLOCKS = YES;
				GCC_WARN_64_TO_32_BIT_CONVERSION = YES;
				GCC_WARN_ABOUT_RETURN_TYPE = YES_ERROR;
				GCC_WARN_UNDECLARED_SELECTOR = YES;
				GCC_WARN_UNINITIALIZED_AUTOS = YES_AGGRESSIVE;
				GCC_WARN_UNUSED_FUNCTION = YES;
				GCC_WARN_UNUSED_VARIABLE = YES;
				IPHONEOS_DEPLOYMENT_TARGET = 16.4;
				MTL_ENABLE_DEBUG_INFO = NO;
				MTL_FAST_MATH = YES;
				SDKROOT = iphoneos;
				SWIFT_COMPILATION_MODE = wholemodule;
				SWIFT_OPTIMIZATION_LEVEL = "-O";
				VALIDATE_PRODUCT = YES;
			};
			name = Release;
		};
		FE379F832DBFC88F00550E87 /* Debug */ = {
			isa = XCBuildConfiguration;
			buildSettings = {
				ASSETCATALOG_COMPILER_APPICON_NAME = AppIcon;
				ASSETCATALOG_COMPILER_GLOBAL_ACCENT_COLOR_NAME = AccentColor;
				CODE_SIGN_STYLE = Automatic;
				CURRENT_PROJECT_VERSION = 1;
				DEVELOPMENT_ASSET_PATHS = "\"RunClub/Preview Content\"";
				DEVELOPMENT_TEAM = KM6L8N2UZF;
				ENABLE_PREVIEWS = YES;
				GENERATE_INFOPLIST_FILE = YES;
				INFOPLIST_KEY_NSLocationWhenInUseUsageDescription = "Your app need track your location when running";
				INFOPLIST_KEY_UIApplicationSceneManifest_Generation = YES;
				INFOPLIST_KEY_UIApplicationSupportsIndirectInputEvents = YES;
				INFOPLIST_KEY_UILaunchScreen_Generation = YES;
				INFOPLIST_KEY_UISupportedInterfaceOrientations_iPad = "UIInterfaceOrientationPortrait UIInterfaceOrientationPortraitUpsideDown UIInterfaceOrientationLandscapeLeft UIInterfaceOrientationLandscapeRight";
				INFOPLIST_KEY_UISupportedInterfaceOrientations_iPhone = "UIInterfaceOrientationPortrait UIInterfaceOrientationLandscapeLeft UIInterfaceOrientationLandscapeRight";
				LD_RUNPATH_SEARCH_PATHS = (
					"$(inherited)",
					"@executable_path/Frameworks",
				);
				MARKETING_VERSION = 1.0;
				PRODUCT_BUNDLE_IDENTIFIER = com.magistraapta.RunClub;
				PRODUCT_NAME = "$(TARGET_NAME)";
				SWIFT_EMIT_LOC_STRINGS = YES;
				SWIFT_VERSION = 5.0;
				TARGETED_DEVICE_FAMILY = "1,2";
			};
			name = Debug;
		};
		FE379F842DBFC88F00550E87 /* Release */ = {
			isa = XCBuildConfiguration;
			buildSettings = {
				ASSETCATALOG_COMPILER_APPICON_NAME = AppIcon;
				ASSETCATALOG_COMPILER_GLOBAL_ACCENT_COLOR_NAME = AccentColor;
				CODE_SIGN_STYLE = Automatic;
				CURRENT_PROJECT_VERSION = 1;
				DEVELOPMENT_ASSET_PATHS = "\"RunClub/Preview Content\"";
				DEVELOPMENT_TEAM = KM6L8N2UZF;
				ENABLE_PREVIEWS = YES;
				GENERATE_INFOPLIST_FILE = YES;
				INFOPLIST_KEY_NSLocationWhenInUseUsageDescription = "Your app need track your location when running";
				INFOPLIST_KEY_UIApplicationSceneManifest_Generation = YES;
				INFOPLIST_KEY_UIApplicationSupportsIndirectInputEvents = YES;
				INFOPLIST_KEY_UILaunchScreen_Generation = YES;
				INFOPLIST_KEY_UISupportedInterfaceOrientations_iPad = "UIInterfaceOrientationPortrait UIInterfaceOrientationPortraitUpsideDown UIInterfaceOrientationLandscapeLeft UIInterfaceOrientationLandscapeRight";
				INFOPLIST_KEY_UISupportedInterfaceOrientations_iPhone = "UIInterfaceOrientationPortrait UIInterfaceOrientationLandscapeLeft UIInterfaceOrientationLandscapeRight";
				LD_RUNPATH_SEARCH_PATHS = (
					"$(inherited)",
					"@executable_path/Frameworks",
				);
				MARKETING_VERSION = 1.0;
				PRODUCT_BUNDLE_IDENTIFIER = com.magistraapta.RunClub;
				PRODUCT_NAME = "$(TARGET_NAME)";
				SWIFT_EMIT_LOC_STRINGS = YES;
				SWIFT_VERSION = 5.0;
				TARGETED_DEVICE_FAMILY = "1,2";
			};
			name = Release;
		};
/* End XCBuildConfiguration section */

/* Begin XCConfigurationList section */
		FE379F6F2DBFC88E00550E87 /* Build configuration list for PBXProject "RunClub" */ = {
			isa = XCConfigurationList;
			buildConfigurations = (
				FE379F802DBFC88F00550E87 /* Debug */,
				FE379F812DBFC88F00550E87 /* Release */,
			);
			defaultConfigurationIsVisible = 0;
			defaultConfigurationName = Release;
		};
		FE379F822DBFC88F00550E87 /* Build configuration list for PBXNativeTarget "RunClub" */ = {
			isa = XCConfigurationList;
			buildConfigurations = (
				FE379F832DBFC88F00550E87 /* Debug */,
				FE379F842DBFC88F00550E87 /* Release */,
			);
			defaultConfigurationIsVisible = 0;
			defaultConfigurationName = Release;
		};
/* End XCConfigurationList section */
	};
	rootObject = FE379F6C2DBFC88E00550E87 /* Project object */;
}
